
Microsoft Visual Studio Solution File, Format Version 12.00
# Visual Studio Version 16
VisualStudioVersion = 16.0.36107.64
MinimumVisualStudioVersion = 10.0.40219.1
Project("{FAE04EC0-301F-11D3-BF4B-00C04F79EFBC}") = "dominio", "dominio\dominio.csproj", "{85A94202-38BA-41ED-9ADD-EA24AEFA216F}"
EndProject
Project("{FAE04EC0-301F-11D3-BF4B-00C04F79EFBC}") = "presentacion", "presentacion\presentacion.csproj", "{3E3B6208-A331-4D89-BC6E-CEF857ACA99F}"
EndProject
Project("{FAE04EC0-301F-11D3-BF4B-00C04F79EFBC}") = "negocio", "negocio\negocio.csproj", "{F15708A7-4853-4880-AF7D-F9B8F85E4142}"
EndProject
Project("{2150E333-8FDC-42A3-9474-1A3956D46DE8}") = "Database", "Database", "{3369A765-6F7A-49B7-B8BA-96B8773113D6}"
	ProjectSection(SolutionItems) = preProject
		Database\COMERCIO_DB.sql = Database\COMERCIO_DB.sql
	EndProjectSection
EndProject
Global
	GlobalSection(SolutionConfigurationPlatforms) = preSolution
		Debug|Any CPU = Debug|Any CPU
		Release|Any CPU = Release|Any CPU
	EndGlobalSection
	GlobalSection(ProjectConfigurationPlatforms) = postSolution
		{85A94202-38BA-41ED-9ADD-EA24AEFA216F}.Debug|Any CPU.ActiveCfg = Debug|Any CPU
		{85A94202-38BA-41ED-9ADD-EA24AEFA216F}.Debug|Any CPU.Build.0 = Debug|Any CPU
		{85A94202-38BA-41ED-9ADD-EA24AEFA216F}.Release|Any CPU.ActiveCfg = Release|Any CPU
		{85A94202-38BA-41ED-9ADD-EA24AEFA216F}.Release|Any CPU.Build.0 = Release|Any CPU
		{3E3B6208-A331-4D89-BC6E-CEF857ACA99F}.Debug|Any CPU.ActiveCfg = Debug|Any CPU
		{3E3B6208-A331-4D89-BC6E-CEF857ACA99F}.Debug|Any CPU.Build.0 = Debug|Any CPU
		{3E3B6208-A331-4D89-BC6E-CEF857ACA99F}.Release|Any CPU.ActiveCfg = Release|Any CPU
		{3E3B6208-A331-4D89-BC6E-CEF857ACA99F}.Release|Any CPU.Build.0 = Release|Any CPU
		{F15708A7-4853-4880-AF7D-F9B8F85E4142}.Debug|Any CPU.ActiveCfg = Debug|Any CPU
		{F15708A7-4853-4880-AF7D-F9B8F85E4142}.Debug|Any CPU.Build.0 = Debug|Any CPU
		{F15708A7-4853-4880-AF7D-F9B8F85E4142}.Release|Any CPU.ActiveCfg = Release|Any CPU
		{F15708A7-4853-4880-AF7D-F9B8F85E4142}.Release|Any CPU.Build.0 = Release|Any CPU
	EndGlobalSection
	GlobalSection(SolutionProperties) = preSolution
		HideSolutionNode = FALSE
	EndGlobalSection
	GlobalSection(ExtensibilityGlobals) = postSolution
		SolutionGuid = {F25A5CB4-34C3-46BD-8A49-58A8136D514B}
	EndGlobalSection
EndGlobal
